
Microsoft Visual Studio Solution File, Format Version 12.00
# Visual Studio Version 17
VisualStudioVersion = 17.8.34525.116
MinimumVisualStudioVersion = 10.0.40219.1
Project("{2150E333-8FDC-42A3-9474-1A3956D46DE8}") = "src", "src", "{F27FDBA4-4552-407D-B98E-278A12D8848C}"
EndProject
Project("{2150E333-8FDC-42A3-9474-1A3956D46DE8}") = "tests", "tests", "{8013713B-59CF-4F56-B4E5-5E04875CDAEE}"
EndProject
Project("{9A19103F-16F7-4668-BE54-9A1E7A4F7556}") = "RocketseatAuction.API", "src\RocketseatAuction.API\RocketseatAuction.API.csproj", "{5EDB7DA8-6FE6-4DC7-AA12-8889A87D7F2C}"
EndProject
Project("{FAE04EC0-301F-11D3-BF4B-00C04F79EFBC}") = "UseCases.Test", "tests\UseCases.Test\UseCases.Test.csproj", "{1FADD3EE-0F82-4C2F-8E80-AFCDB90898CB}"
EndProject
Global
	GlobalSection(SolutionConfigurationPlatforms) = preSolution
		Debug|Any CPU = Debug|Any CPU
		Release|Any CPU = Release|Any CPU
	EndGlobalSection
	GlobalSection(ProjectConfigurationPlatforms) = postSolution
		{5EDB7DA8-6FE6-4DC7-AA12-8889A87D7F2C}.Debug|Any CPU.ActiveCfg = Debug|Any CPU
		{5EDB7DA8-6FE6-4DC7-AA12-8889A87D7F2C}.Debug|Any CPU.Build.0 = Debug|Any CPU
		{5EDB7DA8-6FE6-4DC7-AA12-8889A87D7F2C}.Release|Any CPU.ActiveCfg = Release|Any CPU
		{5EDB7DA8-6FE6-4DC7-AA12-8889A87D7F2C}.Release|Any CPU.Build.0 = Release|Any CPU
		{1FADD3EE-0F82-4C2F-8E80-AFCDB90898CB}.Debug|Any CPU.ActiveCfg = Debug|Any CPU
		{1FADD3EE-0F82-4C2F-8E80-AFCDB90898CB}.Debug|Any CPU.Build.0 = Debug|Any CPU
		{1FADD3EE-0F82-4C2F-8E80-AFCDB90898CB}.Release|Any CPU.ActiveCfg = Release|Any CPU
		{1FADD3EE-0F82-4C2F-8E80-AFCDB90898CB}.Release|Any CPU.Build.0 = Release|Any CPU
	EndGlobalSection
	GlobalSection(SolutionProperties) = preSolution
		HideSolutionNode = FALSE
	EndGlobalSection
	GlobalSection(NestedProjects) = preSolution
		{5EDB7DA8-6FE6-4DC7-AA12-8889A87D7F2C} = {F27FDBA4-4552-407D-B98E-278A12D8848C}
		{1FADD3EE-0F82-4C2F-8E80-AFCDB90898CB} = {8013713B-59CF-4F56-B4E5-5E04875CDAEE}
	EndGlobalSection
	GlobalSection(ExtensibilityGlobals) = postSolution
		SolutionGuid = {4B41133C-56FA-4A40-9927-677273F1610A}
	EndGlobalSection
EndGlobal
